
Microsoft Visual Studio Solution File, Format Version 10.00
# Visual Studio 2008
Project("{FAE04EC0-301F-11D3-BF4B-00C04F79EFBC}") = "WirelessPrintHelper", "BPrint\WirelessPrintHelper.csproj", "{553C6DFF-EE1E-4ADA-8B38-FFCA1370DD4C}"
EndProject
Project("{2150E333-8FDC-42A3-9474-1A3956D46DE8}") = "Solution Items", "Solution Items", "{D60756DD-089F-4EBA-936B-6D698EC0BCF2}"
	ProjectSection(SolutionItems) = preProject
		Raidensan.BPrint.vsmdi = Raidensan.BPrint.vsmdi
		SmartDeviceTestRun.testrunConfig = SmartDeviceTestRun.testrunConfig
	EndProjectSection
EndProject
Project("{2150E333-8FDC-42A3-9474-1A3956D46DE8}") = "Samples", "Samples", "{4875FE80-AB48-4E95-9899-F8D0B90B17A5}"
EndProject
Project("{FAE04EC0-301F-11D3-BF4B-00C04F79EFBC}") = "BTPrintSample1", "BTPrintSample1\BTPrintSample1.csproj", "{53926F17-96F1-486F-90DC-84BE83F60FFF}"
EndProject
Project("{FAE04EC0-301F-11D3-BF4B-00C04F79EFBC}") = "Tests", "Tests\Tests.csproj", "{C1103745-6B2C-4855-91FF-72DECADF71FD}"
EndProject
Project("{FAE04EC0-301F-11D3-BF4B-00C04F79EFBC}") = "PrintSample_ParameterizedContent", "PrintSample_ParameterizedContent\PrintSample_ParameterizedContent.csproj", "{5ED17411-85B0-41E5-97A4-0A7D83DFE255}"
EndProject
Global
	GlobalSection(TestCaseManagementSettings) = postSolution
		CategoryFile = Raidensan.BPrint.vsmdi
	EndGlobalSection
	GlobalSection(SolutionConfigurationPlatforms) = preSolution
		Debug|Any CPU = Debug|Any CPU
		Release|Any CPU = Release|Any CPU
	EndGlobalSection
	GlobalSection(ProjectConfigurationPlatforms) = postSolution
		{553C6DFF-EE1E-4ADA-8B38-FFCA1370DD4C}.Debug|Any CPU.ActiveCfg = Debug|Any CPU
		{553C6DFF-EE1E-4ADA-8B38-FFCA1370DD4C}.Debug|Any CPU.Build.0 = Debug|Any CPU
		{553C6DFF-EE1E-4ADA-8B38-FFCA1370DD4C}.Release|Any CPU.ActiveCfg = Release|Any CPU
		{553C6DFF-EE1E-4ADA-8B38-FFCA1370DD4C}.Release|Any CPU.Build.0 = Release|Any CPU
		{53926F17-96F1-486F-90DC-84BE83F60FFF}.Debug|Any CPU.ActiveCfg = Debug|Any CPU
		{53926F17-96F1-486F-90DC-84BE83F60FFF}.Debug|Any CPU.Build.0 = Debug|Any CPU
		{53926F17-96F1-486F-90DC-84BE83F60FFF}.Debug|Any CPU.Deploy.0 = Debug|Any CPU
		{53926F17-96F1-486F-90DC-84BE83F60FFF}.Release|Any CPU.ActiveCfg = Release|Any CPU
		{53926F17-96F1-486F-90DC-84BE83F60FFF}.Release|Any CPU.Build.0 = Release|Any CPU
		{53926F17-96F1-486F-90DC-84BE83F60FFF}.Release|Any CPU.Deploy.0 = Release|Any CPU
		{C1103745-6B2C-4855-91FF-72DECADF71FD}.Debug|Any CPU.ActiveCfg = Debug|Any CPU
		{C1103745-6B2C-4855-91FF-72DECADF71FD}.Debug|Any CPU.Build.0 = Debug|Any CPU
		{C1103745-6B2C-4855-91FF-72DECADF71FD}.Release|Any CPU.ActiveCfg = Release|Any CPU
		{C1103745-6B2C-4855-91FF-72DECADF71FD}.Release|Any CPU.Build.0 = Release|Any CPU
		{5ED17411-85B0-41E5-97A4-0A7D83DFE255}.Debug|Any CPU.ActiveCfg = Debug|Any CPU
		{5ED17411-85B0-41E5-97A4-0A7D83DFE255}.Debug|Any CPU.Build.0 = Debug|Any CPU
		{5ED17411-85B0-41E5-97A4-0A7D83DFE255}.Debug|Any CPU.Deploy.0 = Debug|Any CPU
		{5ED17411-85B0-41E5-97A4-0A7D83DFE255}.Release|Any CPU.ActiveCfg = Release|Any CPU
		{5ED17411-85B0-41E5-97A4-0A7D83DFE255}.Release|Any CPU.Build.0 = Release|Any CPU
		{5ED17411-85B0-41E5-97A4-0A7D83DFE255}.Release|Any CPU.Deploy.0 = Release|Any CPU
	EndGlobalSection
	GlobalSection(SolutionProperties) = preSolution
		HideSolutionNode = FALSE
	EndGlobalSection
	GlobalSection(NestedProjects) = preSolution
		{53926F17-96F1-486F-90DC-84BE83F60FFF} = {4875FE80-AB48-4E95-9899-F8D0B90B17A5}
		{5ED17411-85B0-41E5-97A4-0A7D83DFE255} = {4875FE80-AB48-4E95-9899-F8D0B90B17A5}
	EndGlobalSection
EndGlobal
